
Microsoft Visual Studio Solution File, Format Version 12.00
# Visual Studio 15
VisualStudioVersion = 15.0.28307.271
MinimumVisualStudioVersion = 10.0.40219.1
Project("{262852C6-CD72-467D-83FE-5EEB1973A190}") = "ExerciseApp", "ExerciseApp\ExerciseApp.jsproj", "{D3C8285E-91C2-48FF-A6A0-5CBC84758D5F}"
EndProject
Global
	GlobalSection(SolutionConfigurationPlatforms) = preSolution
		Debug|Android = Debug|Android
		Debug|iOS = Debug|iOS
		Debug|Windows-ARM = Debug|Windows-ARM
		Debug|Windows-x64 = Debug|Windows-x64
		Debug|Windows-x86 = Debug|Windows-x86
		Release|Android = Release|Android
		Release|iOS = Release|iOS
		Release|Windows-ARM = Release|Windows-ARM
		Release|Windows-x64 = Release|Windows-x64
		Release|Windows-x86 = Release|Windows-x86
	EndGlobalSection
	GlobalSection(ProjectConfigurationPlatforms) = postSolution
		{D3C8285E-91C2-48FF-A6A0-5CBC84758D5F}.Debug|Android.ActiveCfg = Debug|Android
		{D3C8285E-91C2-48FF-A6A0-5CBC84758D5F}.Debug|Android.Build.0 = Debug|Android
		{D3C8285E-91C2-48FF-A6A0-5CBC84758D5F}.Debug|Android.Deploy.0 = Debug|Android
		{D3C8285E-91C2-48FF-A6A0-5CBC84758D5F}.Debug|iOS.ActiveCfg = Debug|iOS
		{D3C8285E-91C2-48FF-A6A0-5CBC84758D5F}.Debug|iOS.Build.0 = Debug|iOS
		{D3C8285E-91C2-48FF-A6A0-5CBC84758D5F}.Debug|iOS.Deploy.0 = Debug|iOS
		{D3C8285E-91C2-48FF-A6A0-5CBC84758D5F}.Debug|Windows-ARM.ActiveCfg = Debug|Windows-ARM
		{D3C8285E-91C2-48FF-A6A0-5CBC84758D5F}.Debug|Windows-ARM.Build.0 = Debug|Windows-ARM
		{D3C8285E-91C2-48FF-A6A0-5CBC84758D5F}.Debug|Windows-ARM.Deploy.0 = Debug|Windows-ARM
		{D3C8285E-91C2-48FF-A6A0-5CBC84758D5F}.Debug|Windows-x64.ActiveCfg = Debug|Windows-x64
		{D3C8285E-91C2-48FF-A6A0-5CBC84758D5F}.Debug|Windows-x64.Build.0 = Debug|Windows-x64
		{D3C8285E-91C2-48FF-A6A0-5CBC84758D5F}.Debug|Windows-x64.Deploy.0 = Debug|Windows-x64
		{D3C8285E-91C2-48FF-A6A0-5CBC84758D5F}.Debug|Windows-x86.ActiveCfg = Debug|Windows-x86
		{D3C8285E-91C2-48FF-A6A0-5CBC84758D5F}.Debug|Windows-x86.Build.0 = Debug|Windows-x86
		{D3C8285E-91C2-48FF-A6A0-5CBC84758D5F}.Debug|Windows-x86.Deploy.0 = Debug|Windows-x86
		{D3C8285E-91C2-48FF-A6A0-5CBC84758D5F}.Release|Android.ActiveCfg = Release|Android
		{D3C8285E-91C2-48FF-A6A0-5CBC84758D5F}.Release|Android.Build.0 = Release|Android
		{D3C8285E-91C2-48FF-A6A0-5CBC84758D5F}.Release|Android.Deploy.0 = Release|Android
		{D3C8285E-91C2-48FF-A6A0-5CBC84758D5F}.Release|iOS.ActiveCfg = Release|iOS
		{D3C8285E-91C2-48FF-A6A0-5CBC84758D5F}.Release|iOS.Build.0 = Release|iOS
		{D3C8285E-91C2-48FF-A6A0-5CBC84758D5F}.Release|iOS.Deploy.0 = Release|iOS
		{D3C8285E-91C2-48FF-A6A0-5CBC84758D5F}.Release|Windows-ARM.ActiveCfg = Release|Windows-ARM
		{D3C8285E-91C2-48FF-A6A0-5CBC84758D5F}.Release|Windows-ARM.Build.0 = Release|Windows-ARM
		{D3C8285E-91C2-48FF-A6A0-5CBC84758D5F}.Release|Windows-ARM.Deploy.0 = Release|Windows-ARM
		{D3C8285E-91C2-48FF-A6A0-5CBC84758D5F}.Release|Windows-x64.ActiveCfg = Release|Windows-x64
		{D3C8285E-91C2-48FF-A6A0-5CBC84758D5F}.Release|Windows-x64.Build.0 = Release|Windows-x64
		{D3C8285E-91C2-48FF-A6A0-5CBC84758D5F}.Release|Windows-x64.Deploy.0 = Release|Windows-x64
		{D3C8285E-91C2-48FF-A6A0-5CBC84758D5F}.Release|Windows-x86.ActiveCfg = Release|Windows-x86
		{D3C8285E-91C2-48FF-A6A0-5CBC84758D5F}.Release|Windows-x86.Build.0 = Release|Windows-x86
		{D3C8285E-91C2-48FF-A6A0-5CBC84758D5F}.Release|Windows-x86.Deploy.0 = Release|Windows-x86
	EndGlobalSection
	GlobalSection(SolutionProperties) = preSolution
		HideSolutionNode = FALSE
	EndGlobalSection
	GlobalSection(ExtensibilityGlobals) = postSolution
		SolutionGuid = {04D6D83A-4638-4F8F-B85D-58CD805733A8}
	EndGlobalSection
EndGlobal
